// !$*UTF8*$!
{
	archiveVersion = 1;
	classes = {
	};
	objectVersion = 56;
	objects = {

/* Begin PBXBuildFile section */
		F77BC9C32BC088C50025762F /* ToDoListApp.swift in Sources */ = {isa = PBXBuildFile; fileRef = F77BC9C22BC088C50025762F /* ToDoListApp.swift */; };
		F77BC9C72BC088C60025762F /* Assets.xcassets in Resources */ = {isa = PBXBuildFile; fileRef = F77BC9C62BC088C60025762F /* Assets.xcassets */; };
		F77BC9CA2BC088C60025762F /* Preview Assets.xcassets in Resources */ = {isa = PBXBuildFile; fileRef = F77BC9C92BC088C60025762F /* Preview Assets.xcassets */; };
		F77BC9D72BC0898E0025762F /* SignInView.swift in Sources */ = {isa = PBXBuildFile; fileRef = F77BC9D62BC0898E0025762F /* SignInView.swift */; };
		F77BC9DC2BC08DF50025762F /* ButtonView.swift in Sources */ = {isa = PBXBuildFile; fileRef = F77BC9DB2BC08DF50025762F /* ButtonView.swift */; };
		F77BC9DF2BC094EE0025762F /* SignUpView.swift in Sources */ = {isa = PBXBuildFile; fileRef = F77BC9DE2BC094EE0025762F /* SignUpView.swift */; };
		F7A4FCDA2BC6F26700C182AA /* TaskModel.swift in Sources */ = {isa = PBXBuildFile; fileRef = F7A4FCD92BC6F26700C182AA /* TaskModel.swift */; };
		F7A4FCDD2BC6F4BB00C182AA /* HomeViewModel.swift in Sources */ = {isa = PBXBuildFile; fileRef = F7A4FCDC2BC6F4BB00C182AA /* HomeViewModel.swift */; };
		F7B43F552BCECEF5004F6AAC /* AddTaskView.swift in Sources */ = {isa = PBXBuildFile; fileRef = F7B43F542BCECEF5004F6AAC /* AddTaskView.swift */; };
		F7CBDB3E2BC5A74B0090A467 /* ErrorView.swift in Sources */ = {isa = PBXBuildFile; fileRef = F7CBDB3D2BC5A74B0090A467 /* ErrorView.swift */; };
		F7CBDB412BC5B04A0090A467 /* HomeView.swift in Sources */ = {isa = PBXBuildFile; fileRef = F7CBDB402BC5B04A0090A467 /* HomeView.swift */; };
		F7CD862B2BC460C300C1414E /* SecureTextFieldViewModifier.swift in Sources */ = {isa = PBXBuildFile; fileRef = F7CD862A2BC460C300C1414E /* SecureTextFieldViewModifier.swift */; };
		F7CD862E2BC4643400C1414E /* FirebaseAuth in Frameworks */ = {isa = PBXBuildFile; productRef = F7CD862D2BC4643400C1414E /* FirebaseAuth */; };
		F7CD86312BC4646800C1414E /* UserModel.swift in Sources */ = {isa = PBXBuildFile; fileRef = F7CD86302BC4646800C1414E /* UserModel.swift */; };
		F7CD86332BC465B600C1414E /* FirebaseFirestore in Frameworks */ = {isa = PBXBuildFile; productRef = F7CD86322BC465B600C1414E /* FirebaseFirestore */; };
		F7CD86352BC465B600C1414E /* FirebaseFirestoreSwift in Frameworks */ = {isa = PBXBuildFile; productRef = F7CD86342BC465B600C1414E /* FirebaseFirestoreSwift */; };
		F7CD863A2BC4668F00C1414E /* GoogleService-Info.plist in Resources */ = {isa = PBXBuildFile; fileRef = F7CD86392BC4668F00C1414E /* GoogleService-Info.plist */; };
		F7CD863C2BC46C5700C1414E /* AuthViewModel.swift in Sources */ = {isa = PBXBuildFile; fileRef = F7CD863B2BC46C5700C1414E /* AuthViewModel.swift */; };
/* End PBXBuildFile section */

/* Begin PBXFileReference section */
		F77BC9BF2BC088C50025762F /* ToDoList.app */ = {isa = PBXFileReference; explicitFileType = wrapper.application; includeInIndex = 0; path = ToDoList.app; sourceTree = BUILT_PRODUCTS_DIR; };
		F77BC9C22BC088C50025762F /* ToDoListApp.swift */ = {isa = PBXFileReference; lastKnownFileType = sourcecode.swift; path = ToDoListApp.swift; sourceTree = "<group>"; };
		F77BC9C62BC088C60025762F /* Assets.xcassets */ = {isa = PBXFileReference; lastKnownFileType = folder.assetcatalog; path = Assets.xcassets; sourceTree = "<group>"; };
		F77BC9C92BC088C60025762F /* Preview Assets.xcassets */ = {isa = PBXFileReference; lastKnownFileType = folder.assetcatalog; path = "Preview Assets.xcassets"; sourceTree = "<group>"; };
		F77BC9D62BC0898E0025762F /* SignInView.swift */ = {isa = PBXFileReference; lastKnownFileType = sourcecode.swift; path = SignInView.swift; sourceTree = "<group>"; };
		F77BC9DB2BC08DF50025762F /* ButtonView.swift */ = {isa = PBXFileReference; lastKnownFileType = sourcecode.swift; path = ButtonView.swift; sourceTree = "<group>"; };
		F77BC9DE2BC094EE0025762F /* SignUpView.swift */ = {isa = PBXFileReference; lastKnownFileType = sourcecode.swift; path = SignUpView.swift; sourceTree = "<group>"; };
		F7A4FCD92BC6F26700C182AA /* TaskModel.swift */ = {isa = PBXFileReference; lastKnownFileType = sourcecode.swift; path = TaskModel.swift; sourceTree = "<group>"; };
		F7A4FCDC2BC6F4BB00C182AA /* HomeViewModel.swift */ = {isa = PBXFileReference; lastKnownFileType = sourcecode.swift; path = HomeViewModel.swift; sourceTree = "<group>"; };
		F7B43F542BCECEF5004F6AAC /* AddTaskView.swift */ = {isa = PBXFileReference; lastKnownFileType = sourcecode.swift; path = AddTaskView.swift; sourceTree = "<group>"; };
		F7CBDB3D2BC5A74B0090A467 /* ErrorView.swift */ = {isa = PBXFileReference; lastKnownFileType = sourcecode.swift; path = ErrorView.swift; sourceTree = "<group>"; };
		F7CBDB402BC5B04A0090A467 /* HomeView.swift */ = {isa = PBXFileReference; lastKnownFileType = sourcecode.swift; path = HomeView.swift; sourceTree = "<group>"; };
		F7CD862A2BC460C300C1414E /* SecureTextFieldViewModifier.swift */ = {isa = PBXFileReference; lastKnownFileType = sourcecode.swift; path = SecureTextFieldViewModifier.swift; sourceTree = "<group>"; };
		F7CD86302BC4646800C1414E /* UserModel.swift */ = {isa = PBXFileReference; lastKnownFileType = sourcecode.swift; path = UserModel.swift; sourceTree = "<group>"; };
		F7CD86392BC4668F00C1414E /* GoogleService-Info.plist */ = {isa = PBXFileReference; fileEncoding = 4; lastKnownFileType = text.plist.xml; path = "GoogleService-Info.plist"; sourceTree = "<group>"; };
		F7CD863B2BC46C5700C1414E /* AuthViewModel.swift */ = {isa = PBXFileReference; lastKnownFileType = sourcecode.swift; path = AuthViewModel.swift; sourceTree = "<group>"; };
/* End PBXFileReference section */

/* Begin PBXFrameworksBuildPhase section */
		F77BC9BC2BC088C50025762F /* Frameworks */ = {
			isa = PBXFrameworksBuildPhase;
			buildActionMask = 2147483647;
			files = (
				F7CD862E2BC4643400C1414E /* FirebaseAuth in Frameworks */,
				F7CD86332BC465B600C1414E /* FirebaseFirestore in Frameworks */,
				F7CD86352BC465B600C1414E /* FirebaseFirestoreSwift in Frameworks */,
			);
			runOnlyForDeploymentPostprocessing = 0;
		};
/* End PBXFrameworksBuildPhase section */

/* Begin PBXGroup section */
		F77BC9B62BC088C50025762F = {
			isa = PBXGroup;
			children = (
				F7CD86392BC4668F00C1414E /* GoogleService-Info.plist */,
				F77BC9C12BC088C50025762F /* ToDoList */,
				F77BC9C02BC088C50025762F /* Products */,
			);
			sourceTree = "<group>";
		};
		F77BC9C02BC088C50025762F /* Products */ = {
			isa = PBXGroup;
			children = (
				F77BC9BF2BC088C50025762F /* ToDoList.app */,
			);
			name = Products;
			sourceTree = "<group>";
		};
		F77BC9C12BC088C50025762F /* ToDoList */ = {
			isa = PBXGroup;
			children = (
				F77BC9C22BC088C50025762F /* ToDoListApp.swift */,
				F77BC9D02BC088FB0025762F /* Core */,
				F77BC9C62BC088C60025762F /* Assets.xcassets */,
				F77BC9C82BC088C60025762F /* Preview Content */,
			);
			path = ToDoList;
			sourceTree = "<group>";
		};
		F77BC9C82BC088C60025762F /* Preview Content */ = {
			isa = PBXGroup;
			children = (
				F77BC9C92BC088C60025762F /* Preview Assets.xcassets */,
			);
			path = "Preview Content";
			sourceTree = "<group>";
		};
		F77BC9D02BC088FB0025762F /* Core */ = {
			isa = PBXGroup;
			children = (
				F7CD862F2BC4644E00C1414E /* Models */,
				F77BC9DA2BC08DDE0025762F /* Components */,
				F77BC9D12BC089030025762F /* Views */,
			);
			path = Core;
			sourceTree = "<group>";
		};
		F77BC9D12BC089030025762F /* Views */ = {
			isa = PBXGroup;
			children = (
				F7B43F532BCECEE0004F6AAC /* AddTask */,
				F7CBDB3F2BC5B03D0090A467 /* Home */,
				F77BC9D52BC0896A0025762F /* Auth */,
			);
			path = Views;
			sourceTree = "<group>";
		};
		F77BC9D22BC0890A0025762F /* SignIn */ = {
			isa = PBXGroup;
			children = (
				F77BC9D62BC0898E0025762F /* SignInView.swift */,
			);
			path = SignIn;
			sourceTree = "<group>";
		};
		F77BC9D52BC0896A0025762F /* Auth */ = {
			isa = PBXGroup;
			children = (
				F7CD86362BC465D500C1414E /* ViewModel */,
				F7CD86272BC4605600C1414E /* Utils */,
				F77BC9DD2BC094E00025762F /* SignUp */,
				F77BC9D22BC0890A0025762F /* SignIn */,
			);
			path = Auth;
			sourceTree = "<group>";
		};
		F77BC9DA2BC08DDE0025762F /* Components */ = {
			isa = PBXGroup;
			children = (
				F77BC9DB2BC08DF50025762F /* ButtonView.swift */,
				F7CBDB3D2BC5A74B0090A467 /* ErrorView.swift */,
			);
			path = Components;
			sourceTree = "<group>";
		};
		F77BC9DD2BC094E00025762F /* SignUp */ = {
			isa = PBXGroup;
			children = (
				F77BC9DE2BC094EE0025762F /* SignUpView.swift */,
			);
			path = SignUp;
			sourceTree = "<group>";
		};
		F7A4FCDB2BC6F4A900C182AA /* ViewModel */ = {
			isa = PBXGroup;
			children = (
				F7A4FCDC2BC6F4BB00C182AA /* HomeViewModel.swift */,
			);
			path = ViewModel;
			sourceTree = "<group>";
		};
		F7B43F532BCECEE0004F6AAC /* AddTask */ = {
			isa = PBXGroup;
			children = (
				F7B43F542BCECEF5004F6AAC /* AddTaskView.swift */,
			);
			path = AddTask;
			sourceTree = "<group>";
		};
		F7CBDB3F2BC5B03D0090A467 /* Home */ = {
			isa = PBXGroup;
			children = (
				F7A4FCDB2BC6F4A900C182AA /* ViewModel */,
				F7CBDB402BC5B04A0090A467 /* HomeView.swift */,
			);
			path = Home;
			sourceTree = "<group>";
		};
		F7CD86272BC4605600C1414E /* Utils */ = {
			isa = PBXGroup;
			children = (
				F7CD862A2BC460C300C1414E /* SecureTextFieldViewModifier.swift */,
			);
			path = Utils;
			sourceTree = "<group>";
		};
		F7CD862F2BC4644E00C1414E /* Models */ = {
			isa = PBXGroup;
			children = (
				F7CD86302BC4646800C1414E /* UserModel.swift */,
				F7A4FCD92BC6F26700C182AA /* TaskModel.swift */,
			);
			path = Models;
			sourceTree = "<group>";
		};
		F7CD86362BC465D500C1414E /* ViewModel */ = {
			isa = PBXGroup;
			children = (
				F7CD863B2BC46C5700C1414E /* AuthViewModel.swift */,
			);
			path = ViewModel;
			sourceTree = "<group>";
		};
/* End PBXGroup section */

/* Begin PBXNativeTarget section */
		F77BC9BE2BC088C50025762F /* ToDoList */ = {
			isa = PBXNativeTarget;
			buildConfigurationList = F77BC9CD2BC088C60025762F /* Build configuration list for PBXNativeTarget "ToDoList" */;
			buildPhases = (
				F77BC9BB2BC088C50025762F /* Sources */,
				F77BC9BC2BC088C50025762F /* Frameworks */,
				F77BC9BD2BC088C50025762F /* Resources */,
			);
			buildRules = (
			);
			dependencies = (
			);
			name = ToDoList;
			packageProductDependencies = (
				F7CD862D2BC4643400C1414E /* FirebaseAuth */,
				F7CD86322BC465B600C1414E /* FirebaseFirestore */,
				F7CD86342BC465B600C1414E /* FirebaseFirestoreSwift */,
			);
			productName = ToDoList;
			productReference = F77BC9BF2BC088C50025762F /* ToDoList.app */;
			productType = "com.apple.product-type.application";
		};
/* End PBXNativeTarget section */

/* Begin PBXProject section */
		F77BC9B72BC088C50025762F /* Project object */ = {
			isa = PBXProject;
			attributes = {
				BuildIndependentTargetsInParallel = 1;
				LastSwiftUpdateCheck = 1530;
				LastUpgradeCheck = 1530;
				TargetAttributes = {
					F77BC9BE2BC088C50025762F = {
						CreatedOnToolsVersion = 15.3;
					};
				};
			};
			buildConfigurationList = F77BC9BA2BC088C50025762F /* Build configuration list for PBXProject "ToDoList" */;
			compatibilityVersion = "Xcode 14.0";
			developmentRegion = en;
			hasScannedForEncodings = 0;
			knownRegions = (
				en,
				Base,
			);
			mainGroup = F77BC9B62BC088C50025762F;
			packageReferences = (
				F7CD862C2BC4643400C1414E /* XCRemoteSwiftPackageReference "firebase-ios-sdk" */,
			);
			productRefGroup = F77BC9C02BC088C50025762F /* Products */;
			projectDirPath = "";
			projectRoot = "";
			targets = (
				F77BC9BE2BC088C50025762F /* ToDoList */,
			);
		};
/* End PBXProject section */

/* Begin PBXResourcesBuildPhase section */
		F77BC9BD2BC088C50025762F /* Resources */ = {
			isa = PBXResourcesBuildPhase;
			buildActionMask = 2147483647;
			files = (
				F77BC9CA2BC088C60025762F /* Preview Assets.xcassets in Resources */,
				F77BC9C72BC088C60025762F /* Assets.xcassets in Resources */,
				F7CD863A2BC4668F00C1414E /* GoogleService-Info.plist in Resources */,
			);
			runOnlyForDeploymentPostprocessing = 0;
		};
/* End PBXResourcesBuildPhase section */

/* Begin PBXSourcesBuildPhase section */
		F77BC9BB2BC088C50025762F /* Sources */ = {
			isa = PBXSourcesBuildPhase;
			buildActionMask = 2147483647;
			files = (
				F7CBDB412BC5B04A0090A467 /* HomeView.swift in Sources */,
				F7A4FCDD2BC6F4BB00C182AA /* HomeViewModel.swift in Sources */,
				F77BC9DF2BC094EE0025762F /* SignUpView.swift in Sources */,
				F7B43F552BCECEF5004F6AAC /* AddTaskView.swift in Sources */,
				F7A4FCDA2BC6F26700C182AA /* TaskModel.swift in Sources */,
				F7CD862B2BC460C300C1414E /* SecureTextFieldViewModifier.swift in Sources */,
				F77BC9D72BC0898E0025762F /* SignInView.swift in Sources */,
				F77BC9C32BC088C50025762F /* ToDoListApp.swift in Sources */,
				F7CD863C2BC46C5700C1414E /* AuthViewModel.swift in Sources */,
				F7CD86312BC4646800C1414E /* UserModel.swift in Sources */,
				F77BC9DC2BC08DF50025762F /* ButtonView.swift in Sources */,
				F7CBDB3E2BC5A74B0090A467 /* ErrorView.swift in Sources */,
			);
			runOnlyForDeploymentPostprocessing = 0;
		};
/* End PBXSourcesBuildPhase section */

/* Begin XCBuildConfiguration section */
		F77BC9CB2BC088C60025762F /* Debug */ = {
			isa = XCBuildConfiguration;
			buildSettings = {
				ALWAYS_SEARCH_USER_PATHS = NO;
				ASSETCATALOG_COMPILER_GENERATE_SWIFT_ASSET_SYMBOL_EXTENSIONS = YES;
				CLANG_ANALYZER_NONNULL = YES;
				CLANG_ANALYZER_NUMBER_OBJECT_CONVERSION = YES_AGGRESSIVE;
				CLANG_CXX_LANGUAGE_STANDARD = "gnu++20";
				CLANG_ENABLE_MODULES = YES;
				CLANG_ENABLE_OBJC_ARC = YES;
				CLANG_ENABLE_OBJC_WEAK = YES;
				CLANG_WARN_BLOCK_CAPTURE_AUTORELEASING = YES;
				CLANG_WARN_BOOL_CONVERSION = YES;
				CLANG_WARN_COMMA = YES;
				CLANG_WARN_CONSTANT_CONVERSION = YES;
				CLANG_WARN_DEPRECATED_OBJC_IMPLEMENTATIONS = YES;
				CLANG_WARN_DIRECT_OBJC_ISA_USAGE = YES_ERROR;
				CLANG_WARN_DOCUMENTATION_COMMENTS = YES;
				CLANG_WARN_EMPTY_BODY = YES;
				CLANG_WARN_ENUM_CONVERSION = YES;
				CLANG_WARN_INFINITE_RECURSION = YES;
				CLANG_WARN_INT_CONVERSION = YES;
				CLANG_WARN_NON_LITERAL_NULL_CONVERSION = YES;
				CLANG_WARN_OBJC_IMPLICIT_RETAIN_SELF = YES;
				CLANG_WARN_OBJC_LITERAL_CONVERSION = YES;
				CLANG_WARN_OBJC_ROOT_CLASS = YES_ERROR;
				CLANG_WARN_QUOTED_INCLUDE_IN_FRAMEWORK_HEADER = YES;
				CLANG_WARN_RANGE_LOOP_ANALYSIS = YES;
				CLANG_WARN_STRICT_PROTOTYPES = YES;
				CLANG_WARN_SUSPICIOUS_MOVE = YES;
				CLANG_WARN_UNGUARDED_AVAILABILITY = YES_AGGRESSIVE;
				CLANG_WARN_UNREACHABLE_CODE = YES;
				CLANG_WARN__DUPLICATE_METHOD_MATCH = YES;
				COPY_PHASE_STRIP = NO;
				DEBUG_INFORMATION_FORMAT = dwarf;
				ENABLE_STRICT_OBJC_MSGSEND = YES;
				ENABLE_TESTABILITY = YES;
				ENABLE_USER_SCRIPT_SANDBOXING = YES;
				GCC_C_LANGUAGE_STANDARD = gnu17;
				GCC_DYNAMIC_NO_PIC = NO;
				GCC_NO_COMMON_BLOCKS = YES;
				GCC_OPTIMIZATION_LEVEL = 0;
				GCC_PREPROCESSOR_DEFINITIONS = (
					"DEBUG=1",
					"$(inherited)",
				);
				GCC_WARN_64_TO_32_BIT_CONVERSION = YES;
				GCC_WARN_ABOUT_RETURN_TYPE = YES_ERROR;
				GCC_WARN_UNDECLARED_SELECTOR = YES;
				GCC_WARN_UNINITIALIZED_AUTOS = YES_AGGRESSIVE;
				GCC_WARN_UNUSED_FUNCTION = YES;
				GCC_WARN_UNUSED_VARIABLE = YES;
				IPHONEOS_DEPLOYMENT_TARGET = 17.4;
				LOCALIZATION_PREFERS_STRING_CATALOGS = YES;
				MTL_ENABLE_DEBUG_INFO = INCLUDE_SOURCE;
				MTL_FAST_MATH = YES;
				ONLY_ACTIVE_ARCH = YES;
				SDKROOT = iphoneos;
				SWIFT_ACTIVE_COMPILATION_CONDITIONS = "DEBUG $(inherited)";
				SWIFT_OPTIMIZATION_LEVEL = "-Onone";
			};
			name = Debug;
		};
		F77BC9CC2BC088C60025762F /* Release */ = {
			isa = XCBuildConfiguration;
			buildSettings = {
				ALWAYS_SEARCH_USER_PATHS = NO;
				ASSETCATALOG_COMPILER_GENERATE_SWIFT_ASSET_SYMBOL_EXTENSIONS = YES;
				CLANG_ANALYZER_NONNULL = YES;
				CLANG_ANALYZER_NUMBER_OBJECT_CONVERSION = YES_AGGRESSIVE;
				CLANG_CXX_LANGUAGE_STANDARD = "gnu++20";
				CLANG_ENABLE_MODULES = YES;
				CLANG_ENABLE_OBJC_ARC = YES;
				CLANG_ENABLE_OBJC_WEAK = YES;
				CLANG_WARN_BLOCK_CAPTURE_AUTORELEASING = YES;
				CLANG_WARN_BOOL_CONVERSION = YES;
				CLANG_WARN_COMMA = YES;
				CLANG_WARN_CONSTANT_CONVERSION = YES;
				CLANG_WARN_DEPRECATED_OBJC_IMPLEMENTATIONS = YES;
				CLANG_WARN_DIRECT_OBJC_ISA_USAGE = YES_ERROR;
				CLANG_WARN_DOCUMENTATION_COMMENTS = YES;
				CLANG_WARN_EMPTY_BODY = YES;
				CLANG_WARN_ENUM_CONVERSION = YES;
				CLANG_WARN_INFINITE_RECURSION = YES;
				CLANG_WARN_INT_CONVERSION = YES;
				CLANG_WARN_NON_LITERAL_NULL_CONVERSION = YES;
				CLANG_WARN_OBJC_IMPLICIT_RETAIN_SELF = YES;
				CLANG_WARN_OBJC_LITERAL_CONVERSION = YES;
				CLANG_WARN_OBJC_ROOT_CLASS = YES_ERROR;
				CLANG_WARN_QUOTED_INCLUDE_IN_FRAMEWORK_HEADER = YES;
				CLANG_WARN_RANGE_LOOP_ANALYSIS = YES;
				CLANG_WARN_STRICT_PROTOTYPES = YES;
				CLANG_WARN_SUSPICIOUS_MOVE = YES;
				CLANG_WARN_UNGUARDED_AVAILABILITY = YES_AGGRESSIVE;
				CLANG_WARN_UNREACHABLE_CODE = YES;
				CLANG_WARN__DUPLICATE_METHOD_MATCH = YES;
				COPY_PHASE_STRIP = NO;
				DEBUG_INFORMATION_FORMAT = "dwarf-with-dsym";
				ENABLE_NS_ASSERTIONS = NO;
				ENABLE_STRICT_OBJC_MSGSEND = YES;
				ENABLE_USER_SCRIPT_SANDBOXING = YES;
				GCC_C_LANGUAGE_STANDARD = gnu17;
				GCC_NO_COMMON_BLOCKS = YES;
				GCC_WARN_64_TO_32_BIT_CONVERSION = YES;
				GCC_WARN_ABOUT_RETURN_TYPE = YES_ERROR;
				GCC_WARN_UNDECLARED_SELECTOR = YES;
				GCC_WARN_UNINITIALIZED_AUTOS = YES_AGGRESSIVE;
				GCC_WARN_UNUSED_FUNCTION = YES;
				GCC_WARN_UNUSED_VARIABLE = YES;
				IPHONEOS_DEPLOYMENT_TARGET = 17.4;
				LOCALIZATION_PREFERS_STRING_CATALOGS = YES;
				MTL_ENABLE_DEBUG_INFO = NO;
				MTL_FAST_MATH = YES;
				SDKROOT = iphoneos;
				SWIFT_COMPILATION_MODE = wholemodule;
				VALIDATE_PRODUCT = YES;
			};
			name = Release;
		};
		F77BC9CE2BC088C60025762F /* Debug */ = {
			isa = XCBuildConfiguration;
			buildSettings = {
				ASSETCATALOG_COMPILER_APPICON_NAME = AppIcon;
				ASSETCATALOG_COMPILER_GLOBAL_ACCENT_COLOR_NAME = AccentColor;
				CODE_SIGN_STYLE = Automatic;
				CURRENT_PROJECT_VERSION = 1;
				DEVELOPMENT_ASSET_PATHS = "\"ToDoList/Preview Content\"";
				DEVELOPMENT_TEAM = V299SF3W78;
				ENABLE_PREVIEWS = YES;
				GENERATE_INFOPLIST_FILE = YES;
				INFOPLIST_KEY_UIApplicationSceneManifest_Generation = YES;
				INFOPLIST_KEY_UIApplicationSupportsIndirectInputEvents = YES;
				INFOPLIST_KEY_UILaunchScreen_Generation = YES;
				INFOPLIST_KEY_UISupportedInterfaceOrientations_iPad = "UIInterfaceOrientationPortrait UIInterfaceOrientationPortraitUpsideDown UIInterfaceOrientationLandscapeLeft UIInterfaceOrientationLandscapeRight";
				INFOPLIST_KEY_UISupportedInterfaceOrientations_iPhone = "UIInterfaceOrientationPortrait UIInterfaceOrientationLandscapeLeft UIInterfaceOrientationLandscapeRight";
				LD_RUNPATH_SEARCH_PATHS = (
					"$(inherited)",
					"@executable_path/Frameworks",
				);
				MARKETING_VERSION = 1.0;
				PRODUCT_BUNDLE_IDENTIFIER = com.list.to.do.ToDoList;
				PRODUCT_NAME = "$(TARGET_NAME)";
				SWIFT_EMIT_LOC_STRINGS = YES;
				SWIFT_VERSION = 5.0;
				TARGETED_DEVICE_FAMILY = "1,2";
			};
			name = Debug;
		};
		F77BC9CF2BC088C60025762F /* Release */ = {
			isa = XCBuildConfiguration;
			buildSettings = {
				ASSETCATALOG_COMPILER_APPICON_NAME = AppIcon;
				ASSETCATALOG_COMPILER_GLOBAL_ACCENT_COLOR_NAME = AccentColor;
				CODE_SIGN_STYLE = Automatic;
				CURRENT_PROJECT_VERSION = 1;
				DEVELOPMENT_ASSET_PATHS = "\"ToDoList/Preview Content\"";
				DEVELOPMENT_TEAM = V299SF3W78;
				ENABLE_PREVIEWS = YES;
				GENERATE_INFOPLIST_FILE = YES;
				INFOPLIST_KEY_UIApplicationSceneManifest_Generation = YES;
				INFOPLIST_KEY_UIApplicationSupportsIndirectInputEvents = YES;
				INFOPLIST_KEY_UILaunchScreen_Generation = YES;
				INFOPLIST_KEY_UISupportedInterfaceOrientations_iPad = "UIInterfaceOrientationPortrait UIInterfaceOrientationPortraitUpsideDown UIInterfaceOrientationLandscapeLeft UIInterfaceOrientationLandscapeRight";
				INFOPLIST_KEY_UISupportedInterfaceOrientations_iPhone = "UIInterfaceOrientationPortrait UIInterfaceOrientationLandscapeLeft UIInterfaceOrientationLandscapeRight";
				LD_RUNPATH_SEARCH_PATHS = (
					"$(inherited)",
					"@executable_path/Frameworks",
				);
				MARKETING_VERSION = 1.0;
				PRODUCT_BUNDLE_IDENTIFIER = com.list.to.do.ToDoList;
				PRODUCT_NAME = "$(TARGET_NAME)";
				SWIFT_EMIT_LOC_STRINGS = YES;
				SWIFT_VERSION = 5.0;
				TARGETED_DEVICE_FAMILY = "1,2";
			};
			name = Release;
		};
/* End XCBuildConfiguration section */

/* Begin XCConfigurationList section */
		F77BC9BA2BC088C50025762F /* Build configuration list for PBXProject "ToDoList" */ = {
			isa = XCConfigurationList;
			buildConfigurations = (
				F77BC9CB2BC088C60025762F /* Debug */,
				F77BC9CC2BC088C60025762F /* Release */,
			);
			defaultConfigurationIsVisible = 0;
			defaultConfigurationName = Release;
		};
		F77BC9CD2BC088C60025762F /* Build configuration list for PBXNativeTarget "ToDoList" */ = {
			isa = XCConfigurationList;
			buildConfigurations = (
				F77BC9CE2BC088C60025762F /* Debug */,
				F77BC9CF2BC088C60025762F /* Release */,
			);
			defaultConfigurationIsVisible = 0;
			defaultConfigurationName = Release;
		};
/* End XCConfigurationList section */

/* Begin XCRemoteSwiftPackageReference section */
		F7CD862C2BC4643400C1414E /* XCRemoteSwiftPackageReference "firebase-ios-sdk" */ = {
			isa = XCRemoteSwiftPackageReference;
			repositoryURL = "https://github.com/firebase/firebase-ios-sdk.git";
			requirement = {
				kind = upToNextMajorVersion;
				minimumVersion = 10.23.1;
			};
		};
/* End XCRemoteSwiftPackageReference section */

/* Begin XCSwiftPackageProductDependency section */
		F7CD862D2BC4643400C1414E /* FirebaseAuth */ = {
			isa = XCSwiftPackageProductDependency;
			package = F7CD862C2BC4643400C1414E /* XCRemoteSwiftPackageReference "firebase-ios-sdk" */;
			productName = FirebaseAuth;
		};
		F7CD86322BC465B600C1414E /* FirebaseFirestore */ = {
			isa = XCSwiftPackageProductDependency;
			package = F7CD862C2BC4643400C1414E /* XCRemoteSwiftPackageReference "firebase-ios-sdk" */;
			productName = FirebaseFirestore;
		};
		F7CD86342BC465B600C1414E /* FirebaseFirestoreSwift */ = {
			isa = XCSwiftPackageProductDependency;
			package = F7CD862C2BC4643400C1414E /* XCRemoteSwiftPackageReference "firebase-ios-sdk" */;
			productName = FirebaseFirestoreSwift;
		};
/* End XCSwiftPackageProductDependency section */
	};
	rootObject = F77BC9B72BC088C50025762F /* Project object */;
}
